# This file is autogenerated, do not edit; changes may be undone by the next 'dep ensure'.


[[projects]]
  name = "github.com/BurntSushi/toml"
  packages = ["."]
  revision = "b26d9c308763d68093482582cea63d69be07a0f0"
  version = "v0.3.0"

[[projects]]
  name = "github.com/davecgh/go-spew"
  packages = ["spew"]
  revision = "346938d642f2ec3594ed81d874461961cd0faa76"
  version = "v1.1.0"

[[projects]]
  name = "github.com/fatih/color"
  packages = ["."]
  revision = "570b54cabe6b8eb0bc2dfce68d964677d63b5260"
  version = "v1.5.0"

[[projects]]
  branch = "master"
  name = "github.com/jinzhu/configor"
  packages = ["."]
  revision = "6ecfe629230f24c2e92c7894c6ab21b83b757a39"

[[projects]]
  branch = "master"
  name = "github.com/lestrrat/go-jspointer"
  packages = ["."]
  revision = "f4881e611bdbe9fb413a7780721ef8400a1f2341"

[[projects]]
  branch = "master"
  name = "github.com/lestrrat/go-jsref"
  packages = [".","provider"]
  revision = "50df7b2d07d799426a9ac43fa24bdb4785f72a54"

[[projects]]
  branch = "master"
  name = "github.com/lestrrat/go-jsschema"
  packages = ["."]
  revision = "a6a42341b50d8d7e2a733db922eefaa756321021"

[[projects]]
  branch = "master"
  name = "github.com/lestrrat/go-jsval"
  packages = [".","builder"]
  revision = "cf70aae60f5b41a32922066c41287b0168e55904"

[[projects]]
  branch = "master"
  name = "github.com/lestrrat/go-pdebug"
  packages = ["."]
  revision = "2e6eaaa5717f81bda41d27070d3c966f40a1e75f"

[[projects]]
  branch = "master"
  name = "github.com/lestrrat/go-structinfo"
  packages = ["."]
  revision = "f74c056fe41f860aa6264478c664a6fff8a64298"

[[projects]]
  name = "github.com/mattn/go-colorable"
  packages = ["."]
  revision = "167de6bfdfba052fa6b2d3664c8f5272e23c9072"
  version = "v0.0.9"

[[projects]]
  name = "github.com/mattn/go-isatty"
  packages = ["."]
  revision = "0360b2af4f38e8d38c7fce2a9f4e702702d73a39"
  version = "v0.0.3"

[[projects]]
  name = "github.com/pkg/errors"
  packages = ["."]
  revision = "645ef00459ed84a119197bfb8d8205042c6df63d"
  version = "v0.8.0"

[[projects]]
  branch = "master"
  name = "golang.org/x/sys"
  packages = ["unix"]
  revision = "82aafbf43bf885069dc71b7e7c2f9d7a614d47da"

[[projects]]
  branch = "v2"
  name = "gopkg.in/yaml.v2"
  packages = ["."]
  revision = "287cf08546ab5e7e37d55a84f7ed3fd1db036de5"

[solve-meta]
  analyzer-name = "dep"
  analyzer-version = 1
  inputs-digest = "3ae7798382bd8c9395711ccfae9685f931ed420295a1b85b301e13f89fc441f8"
  solver-name = "gps-cdcl"
  solver-version = 1
